
Microsoft Visual Studio Solution File, Format Version 12.00
# Visual Studio Version 17
VisualStudioVersion = 17.2.32630.192
MinimumVisualStudioVersion = 10.0.40219.1
Project("{FAE04EC0-301F-11D3-BF4B-00C04F79EFBC}") = "DynamicCallouts", "DynamicCallouts\DynamicCallouts.csproj", "{7FB4D1F6-F5EB-4C41-9F6E-D83EA4A26E85}"
EndProject
Global
	GlobalSection(SolutionConfigurationPlatforms) = preSolution
		Debug|Any CPU = Debug|Any CPU
		Release|Any CPU = Release|Any CPU
	EndGlobalSection
	GlobalSection(ProjectConfigurationPlatforms) = postSolution
		{7FB4D1F6-F5EB-4C41-9F6E-D83EA4A26E85}.Debug|Any CPU.ActiveCfg = Debug|Any CPU
		{7FB4D1F6-F5EB-4C41-9F6E-D83EA4A26E85}.Debug|Any CPU.Build.0 = Debug|Any CPU
		{7FB4D1F6-F5EB-4C41-9F6E-D83EA4A26E85}.Release|Any CPU.ActiveCfg = Release|Any CPU
		{7FB4D1F6-F5EB-4C41-9F6E-D83EA4A26E85}.Release|Any CPU.Build.0 = Release|Any CPU
	EndGlobalSection
	GlobalSection(SolutionProperties) = preSolution
		HideSolutionNode = FALSE
	EndGlobalSection
	GlobalSection(ExtensibilityGlobals) = postSolution
		SolutionGuid = {3F8299F1-CCAE-4AD0-A219-885C86470B5A}
	EndGlobalSection
EndGlobal
